
Microsoft Visual Studio Solution File, Format Version 10.00
# Visual Studio 2008
Project("{8BC9CEB8-8B4A-11D0-8D11-00A0C91BC942}") = "Chapter 1", "Chapter 1\Chapter 1.vcproj", "{6FE4E046-0708-4AB6-ACD1-1F490D67846E}"
EndProject
Global
	GlobalSection(SolutionConfigurationPlatforms) = preSolution
		Debug|Win32 = Debug|Win32
		Release|Win32 = Release|Win32
	EndGlobalSection
	GlobalSection(ProjectConfigurationPlatforms) = postSolution
		{6FE4E046-0708-4AB6-ACD1-1F490D67846E}.Debug|Win32.ActiveCfg = Debug|Win32
		{6FE4E046-0708-4AB6-ACD1-1F490D67846E}.Debug|Win32.Build.0 = Debug|Win32
		{6FE4E046-0708-4AB6-ACD1-1F490D67846E}.Release|Win32.ActiveCfg = Release|Win32
		{6FE4E046-0708-4AB6-ACD1-1F490D67846E}.Release|Win32.Build.0 = Release|Win32
	EndGlobalSection
	GlobalSection(SolutionProperties) = preSolution
		HideSolutionNode = FALSE
	EndGlobalSection
EndGlobal
